
Microsoft Visual Studio Solution File, Format Version 12.00
# Visual Studio Version 17
VisualStudioVersion = 17.3.32825.248
MinimumVisualStudioVersion = 10.0.40219.1
Project("{8BC9CEB8-8B4A-11D0-8D11-00A0C91BC942}") = "LR_2_TASK_0", "LR_2_TASK_0\LR_2_TASK_0.vcxproj", "{62CCBEFB-EE27-4B20-AEE9-406A87DF90E1}"
EndProject
Global
	GlobalSection(SolutionConfigurationPlatforms) = preSolution
		Debug|x64 = Debug|x64
		Debug|x86 = Debug|x86
		Release|x64 = Release|x64
		Release|x86 = Release|x86
	EndGlobalSection
	GlobalSection(ProjectConfigurationPlatforms) = postSolution
		{62CCBEFB-EE27-4B20-AEE9-406A87DF90E1}.Debug|x64.ActiveCfg = Debug|x64
		{62CCBEFB-EE27-4B20-AEE9-406A87DF90E1}.Debug|x64.Build.0 = Debug|x64
		{62CCBEFB-EE27-4B20-AEE9-406A87DF90E1}.Debug|x86.ActiveCfg = Debug|Win32
		{62CCBEFB-EE27-4B20-AEE9-406A87DF90E1}.Debug|x86.Build.0 = Debug|Win32
		{62CCBEFB-EE27-4B20-AEE9-406A87DF90E1}.Release|x64.ActiveCfg = Release|x64
		{62CCBEFB-EE27-4B20-AEE9-406A87DF90E1}.Release|x64.Build.0 = Release|x64
		{62CCBEFB-EE27-4B20-AEE9-406A87DF90E1}.Release|x86.ActiveCfg = Release|Win32
		{62CCBEFB-EE27-4B20-AEE9-406A87DF90E1}.Release|x86.Build.0 = Release|Win32
	EndGlobalSection
	GlobalSection(SolutionProperties) = preSolution
		HideSolutionNode = FALSE
	EndGlobalSection
	GlobalSection(ExtensibilityGlobals) = postSolution
		SolutionGuid = {12C802C1-C37A-457D-963F-D782D64138C3}
	EndGlobalSection
EndGlobal
